
Microsoft Visual Studio Solution File, Format Version 12.00
# Visual Studio Version 17
VisualStudioVersion = 17.3.32901.215
MinimumVisualStudioVersion = 10.0.40219.1
Project("{FAE04EC0-301F-11D3-BF4B-00C04F79EFBC}") = "WpfAppLinq0", "WpfAppLinq0.csproj", "{E5DE6894-A23B-425C-83ED-B2A304AA5D7B}"
EndProject
Global
	GlobalSection(SolutionConfigurationPlatforms) = preSolution
		Debug|Any CPU = Debug|Any CPU
		Release|Any CPU = Release|Any CPU
	EndGlobalSection
	GlobalSection(ProjectConfigurationPlatforms) = postSolution
		{E5DE6894-A23B-425C-83ED-B2A304AA5D7B}.Debug|Any CPU.ActiveCfg = Debug|Any CPU
		{E5DE6894-A23B-425C-83ED-B2A304AA5D7B}.Debug|Any CPU.Build.0 = Debug|Any CPU
		{E5DE6894-A23B-425C-83ED-B2A304AA5D7B}.Release|Any CPU.ActiveCfg = Release|Any CPU
		{E5DE6894-A23B-425C-83ED-B2A304AA5D7B}.Release|Any CPU.Build.0 = Release|Any CPU
	EndGlobalSection
	GlobalSection(SolutionProperties) = preSolution
		HideSolutionNode = FALSE
	EndGlobalSection
	GlobalSection(ExtensibilityGlobals) = postSolution
		SolutionGuid = {E12D0D4F-7E18-4CDF-B381-5BD2C1A70A79}
	EndGlobalSection
EndGlobal
