
Microsoft Visual Studio Solution File, Format Version 12.00
# Visual Studio Version 17
VisualStudioVersion = 17.3.32901.215
MinimumVisualStudioVersion = 10.0.40219.1
Project("{FAE04EC0-301F-11D3-BF4B-00C04F79EFBC}") = "WpfAppResumen", "WpfAppResumen.csproj", "{2685FBA0-458C-4AEE-9B7A-D858DBD1580A}"
EndProject
Global
	GlobalSection(SolutionConfigurationPlatforms) = preSolution
		Debug|Any CPU = Debug|Any CPU
		Release|Any CPU = Release|Any CPU
	EndGlobalSection
	GlobalSection(ProjectConfigurationPlatforms) = postSolution
		{2685FBA0-458C-4AEE-9B7A-D858DBD1580A}.Debug|Any CPU.ActiveCfg = Debug|Any CPU
		{2685FBA0-458C-4AEE-9B7A-D858DBD1580A}.Debug|Any CPU.Build.0 = Debug|Any CPU
		{2685FBA0-458C-4AEE-9B7A-D858DBD1580A}.Release|Any CPU.ActiveCfg = Release|Any CPU
		{2685FBA0-458C-4AEE-9B7A-D858DBD1580A}.Release|Any CPU.Build.0 = Release|Any CPU
	EndGlobalSection
	GlobalSection(SolutionProperties) = preSolution
		HideSolutionNode = FALSE
	EndGlobalSection
	GlobalSection(ExtensibilityGlobals) = postSolution
		SolutionGuid = {7106E733-1503-453E-8B87-A854337726E7}
	EndGlobalSection
EndGlobal
