
Microsoft Visual Studio Solution File, Format Version 12.00
# Visual Studio Version 17
VisualStudioVersion = 17.3.32901.215
MinimumVisualStudioVersion = 10.0.40219.1
Project("{FAE04EC0-301F-11D3-BF4B-00C04F79EFBC}") = "AhorcadoBienHecho", "AhorcadoBienHecho.csproj", "{B8885321-3D9E-4C9C-9720-92B8F13D3B33}"
EndProject
Global
	GlobalSection(SolutionConfigurationPlatforms) = preSolution
		Debug|Any CPU = Debug|Any CPU
		Release|Any CPU = Release|Any CPU
	EndGlobalSection
	GlobalSection(ProjectConfigurationPlatforms) = postSolution
		{B8885321-3D9E-4C9C-9720-92B8F13D3B33}.Debug|Any CPU.ActiveCfg = Debug|Any CPU
		{B8885321-3D9E-4C9C-9720-92B8F13D3B33}.Debug|Any CPU.Build.0 = Debug|Any CPU
		{B8885321-3D9E-4C9C-9720-92B8F13D3B33}.Release|Any CPU.ActiveCfg = Release|Any CPU
		{B8885321-3D9E-4C9C-9720-92B8F13D3B33}.Release|Any CPU.Build.0 = Release|Any CPU
	EndGlobalSection
	GlobalSection(SolutionProperties) = preSolution
		HideSolutionNode = FALSE
	EndGlobalSection
	GlobalSection(ExtensibilityGlobals) = postSolution
		SolutionGuid = {3A973635-8936-444B-8A25-622C0509CA53}
	EndGlobalSection
EndGlobal
