
Microsoft Visual Studio Solution File, Format Version 12.00
# Visual Studio Version 17
VisualStudioVersion = 17.3.32901.215
MinimumVisualStudioVersion = 10.0.40219.1
Project("{FAE04EC0-301F-11D3-BF4B-00C04F79EFBC}") = "EjercicioBotones", "EjercicioBotones.csproj", "{3E787900-818A-4AAC-ADA9-D450880B0A3D}"
EndProject
Global
	GlobalSection(SolutionConfigurationPlatforms) = preSolution
		Debug|Any CPU = Debug|Any CPU
		Release|Any CPU = Release|Any CPU
	EndGlobalSection
	GlobalSection(ProjectConfigurationPlatforms) = postSolution
		{3E787900-818A-4AAC-ADA9-D450880B0A3D}.Debug|Any CPU.ActiveCfg = Debug|Any CPU
		{3E787900-818A-4AAC-ADA9-D450880B0A3D}.Debug|Any CPU.Build.0 = Debug|Any CPU
		{3E787900-818A-4AAC-ADA9-D450880B0A3D}.Release|Any CPU.ActiveCfg = Release|Any CPU
		{3E787900-818A-4AAC-ADA9-D450880B0A3D}.Release|Any CPU.Build.0 = Release|Any CPU
	EndGlobalSection
	GlobalSection(SolutionProperties) = preSolution
		HideSolutionNode = FALSE
	EndGlobalSection
	GlobalSection(ExtensibilityGlobals) = postSolution
		SolutionGuid = {3764EA17-6E9C-489F-89FD-12E4F39A4D90}
	EndGlobalSection
EndGlobal
