
Microsoft Visual Studio Solution File, Format Version 12.00
# Visual Studio Version 17
VisualStudioVersion = 17.3.32901.215
MinimumVisualStudioVersion = 10.0.40219.1
Project("{9A19103F-16F7-4668-BE54-9A1E7A4F7556}") = "AppWPFXaml1", "AppWPFXaml1.csproj", "{2A7C0E30-1FDC-48BD-A5C6-52BDEBBC5011}"
EndProject
Project("{9A19103F-16F7-4668-BE54-9A1E7A4F7556}") = "Xaml2", "..\Xaml2\Xaml2.csproj", "{234BA267-520F-4BB0-9AF5-4D3383FB09C2}"
EndProject
Project("{9A19103F-16F7-4668-BE54-9A1E7A4F7556}") = "Reloj", "..\Reloj\Reloj.csproj", "{9034D699-676B-41A3-A461-98B38CFADAA7}"
EndProject
Project("{9A19103F-16F7-4668-BE54-9A1E7A4F7556}") = "StackPanel", "..\StackPanel\StackPanel.csproj", "{0FDA7872-670E-4BAB-821F-FBAE271A817C}"
EndProject
Project("{FAE04EC0-301F-11D3-BF4B-00C04F79EFBC}") = "Resumen", "..\Resumen\Resumen.csproj", "{B177FAFC-3F97-4639-BF9B-257A8D5CF389}"
EndProject
Global
	GlobalSection(SolutionConfigurationPlatforms) = preSolution
		Debug|Any CPU = Debug|Any CPU
		Release|Any CPU = Release|Any CPU
	EndGlobalSection
	GlobalSection(ProjectConfigurationPlatforms) = postSolution
		{2A7C0E30-1FDC-48BD-A5C6-52BDEBBC5011}.Debug|Any CPU.ActiveCfg = Debug|Any CPU
		{2A7C0E30-1FDC-48BD-A5C6-52BDEBBC5011}.Debug|Any CPU.Build.0 = Debug|Any CPU
		{2A7C0E30-1FDC-48BD-A5C6-52BDEBBC5011}.Release|Any CPU.ActiveCfg = Release|Any CPU
		{2A7C0E30-1FDC-48BD-A5C6-52BDEBBC5011}.Release|Any CPU.Build.0 = Release|Any CPU
		{234BA267-520F-4BB0-9AF5-4D3383FB09C2}.Debug|Any CPU.ActiveCfg = Debug|Any CPU
		{234BA267-520F-4BB0-9AF5-4D3383FB09C2}.Debug|Any CPU.Build.0 = Debug|Any CPU
		{234BA267-520F-4BB0-9AF5-4D3383FB09C2}.Release|Any CPU.ActiveCfg = Release|Any CPU
		{234BA267-520F-4BB0-9AF5-4D3383FB09C2}.Release|Any CPU.Build.0 = Release|Any CPU
		{9034D699-676B-41A3-A461-98B38CFADAA7}.Debug|Any CPU.ActiveCfg = Debug|Any CPU
		{9034D699-676B-41A3-A461-98B38CFADAA7}.Debug|Any CPU.Build.0 = Debug|Any CPU
		{9034D699-676B-41A3-A461-98B38CFADAA7}.Release|Any CPU.ActiveCfg = Release|Any CPU
		{9034D699-676B-41A3-A461-98B38CFADAA7}.Release|Any CPU.Build.0 = Release|Any CPU
		{0FDA7872-670E-4BAB-821F-FBAE271A817C}.Debug|Any CPU.ActiveCfg = Debug|Any CPU
		{0FDA7872-670E-4BAB-821F-FBAE271A817C}.Debug|Any CPU.Build.0 = Debug|Any CPU
		{0FDA7872-670E-4BAB-821F-FBAE271A817C}.Release|Any CPU.ActiveCfg = Release|Any CPU
		{0FDA7872-670E-4BAB-821F-FBAE271A817C}.Release|Any CPU.Build.0 = Release|Any CPU
		{B177FAFC-3F97-4639-BF9B-257A8D5CF389}.Debug|Any CPU.ActiveCfg = Debug|Any CPU
		{B177FAFC-3F97-4639-BF9B-257A8D5CF389}.Debug|Any CPU.Build.0 = Debug|Any CPU
		{B177FAFC-3F97-4639-BF9B-257A8D5CF389}.Release|Any CPU.ActiveCfg = Release|Any CPU
		{B177FAFC-3F97-4639-BF9B-257A8D5CF389}.Release|Any CPU.Build.0 = Release|Any CPU
	EndGlobalSection
	GlobalSection(SolutionProperties) = preSolution
		HideSolutionNode = FALSE
	EndGlobalSection
	GlobalSection(ExtensibilityGlobals) = postSolution
		SolutionGuid = {12E414E8-6F3C-4A06-A252-C9CDE392193F}
	EndGlobalSection
EndGlobal
